
Microsoft Visual Studio Solution File, Format Version 12.00
# Visual Studio Version 16
VisualStudioVersion = 16.0.30011.22
MinimumVisualStudioVersion = 15.0.26124.0
Project("{2150E333-8FDC-42A3-9474-1A3956D46DE8}") = "Solution Items", "Solution Items", "{7DC116AC-1621-4E6D-8861-69658BDD2E38}"
	ProjectSection(SolutionItems) = preProject
		.editorconfig = .editorconfig
		README.md = README.md
		Directory.Build.props = Directory.Build.props
		.gitignore = .gitignore
	EndProjectSection
EndProject
Project("{FAE04EC0-301F-11D3-BF4B-00C04F79EFBC}") = "NsbRouterPlayground.Bootstrap", "NsbRouterPlayground.Bootstrap\NsbRouterPlayground.Bootstrap.csproj", "{804E5EB5-7104-4D35-B49D-16A3D4FCEBBE}"
EndProject
Project("{FAE04EC0-301F-11D3-BF4B-00C04F79EFBC}") = "NsbRouterPlayground.Common", "NsbRouterPlayground.Common\NsbRouterPlayground.Common.csproj", "{C760DB7D-3831-408B-A345-B7D840908634}"
EndProject
Project("{FAE04EC0-301F-11D3-BF4B-00C04F79EFBC}") = "NsbRouterPlayground.Sender", "NsbRouterPlayground.Sender\NsbRouterPlayground.Sender.csproj", "{5FE841ED-25B6-4BDC-A8C5-ECB7AD845CCC}"
EndProject
Project("{FAE04EC0-301F-11D3-BF4B-00C04F79EFBC}") = "NsbRouterPlayground.Receiver", "NsbRouterPlayground.Receiver\NsbRouterPlayground.Receiver.csproj", "{732A7773-38B0-4751-AD4E-A203AFC03A4E}"
EndProject
Global
	GlobalSection(SolutionConfigurationPlatforms) = preSolution
		Debug|Any CPU = Debug|Any CPU
		Debug|x64 = Debug|x64
		Debug|x86 = Debug|x86
		Release|Any CPU = Release|Any CPU
		Release|x64 = Release|x64
		Release|x86 = Release|x86
	EndGlobalSection
	GlobalSection(ProjectConfigurationPlatforms) = postSolution
		{804E5EB5-7104-4D35-B49D-16A3D4FCEBBE}.Debug|Any CPU.ActiveCfg = Debug|Any CPU
		{804E5EB5-7104-4D35-B49D-16A3D4FCEBBE}.Debug|Any CPU.Build.0 = Debug|Any CPU
		{804E5EB5-7104-4D35-B49D-16A3D4FCEBBE}.Debug|x64.ActiveCfg = Debug|Any CPU
		{804E5EB5-7104-4D35-B49D-16A3D4FCEBBE}.Debug|x64.Build.0 = Debug|Any CPU
		{804E5EB5-7104-4D35-B49D-16A3D4FCEBBE}.Debug|x86.ActiveCfg = Debug|Any CPU
		{804E5EB5-7104-4D35-B49D-16A3D4FCEBBE}.Debug|x86.Build.0 = Debug|Any CPU
		{804E5EB5-7104-4D35-B49D-16A3D4FCEBBE}.Release|Any CPU.ActiveCfg = Release|Any CPU
		{804E5EB5-7104-4D35-B49D-16A3D4FCEBBE}.Release|Any CPU.Build.0 = Release|Any CPU
		{804E5EB5-7104-4D35-B49D-16A3D4FCEBBE}.Release|x64.ActiveCfg = Release|Any CPU
		{804E5EB5-7104-4D35-B49D-16A3D4FCEBBE}.Release|x64.Build.0 = Release|Any CPU
		{804E5EB5-7104-4D35-B49D-16A3D4FCEBBE}.Release|x86.ActiveCfg = Release|Any CPU
		{804E5EB5-7104-4D35-B49D-16A3D4FCEBBE}.Release|x86.Build.0 = Release|Any CPU
		{C760DB7D-3831-408B-A345-B7D840908634}.Debug|Any CPU.ActiveCfg = Debug|Any CPU
		{C760DB7D-3831-408B-A345-B7D840908634}.Debug|Any CPU.Build.0 = Debug|Any CPU
		{C760DB7D-3831-408B-A345-B7D840908634}.Debug|x64.ActiveCfg = Debug|Any CPU
		{C760DB7D-3831-408B-A345-B7D840908634}.Debug|x64.Build.0 = Debug|Any CPU
		{C760DB7D-3831-408B-A345-B7D840908634}.Debug|x86.ActiveCfg = Debug|Any CPU
		{C760DB7D-3831-408B-A345-B7D840908634}.Debug|x86.Build.0 = Debug|Any CPU
		{C760DB7D-3831-408B-A345-B7D840908634}.Release|Any CPU.ActiveCfg = Release|Any CPU
		{C760DB7D-3831-408B-A345-B7D840908634}.Release|Any CPU.Build.0 = Release|Any CPU
		{C760DB7D-3831-408B-A345-B7D840908634}.Release|x64.ActiveCfg = Release|Any CPU
		{C760DB7D-3831-408B-A345-B7D840908634}.Release|x64.Build.0 = Release|Any CPU
		{C760DB7D-3831-408B-A345-B7D840908634}.Release|x86.ActiveCfg = Release|Any CPU
		{C760DB7D-3831-408B-A345-B7D840908634}.Release|x86.Build.0 = Release|Any CPU
		{5FE841ED-25B6-4BDC-A8C5-ECB7AD845CCC}.Debug|Any CPU.ActiveCfg = Debug|Any CPU
		{5FE841ED-25B6-4BDC-A8C5-ECB7AD845CCC}.Debug|Any CPU.Build.0 = Debug|Any CPU
		{5FE841ED-25B6-4BDC-A8C5-ECB7AD845CCC}.Debug|x64.ActiveCfg = Debug|Any CPU
		{5FE841ED-25B6-4BDC-A8C5-ECB7AD845CCC}.Debug|x64.Build.0 = Debug|Any CPU
		{5FE841ED-25B6-4BDC-A8C5-ECB7AD845CCC}.Debug|x86.ActiveCfg = Debug|Any CPU
		{5FE841ED-25B6-4BDC-A8C5-ECB7AD845CCC}.Debug|x86.Build.0 = Debug|Any CPU
		{5FE841ED-25B6-4BDC-A8C5-ECB7AD845CCC}.Release|Any CPU.ActiveCfg = Release|Any CPU
		{5FE841ED-25B6-4BDC-A8C5-ECB7AD845CCC}.Release|Any CPU.Build.0 = Release|Any CPU
		{5FE841ED-25B6-4BDC-A8C5-ECB7AD845CCC}.Release|x64.ActiveCfg = Release|Any CPU
		{5FE841ED-25B6-4BDC-A8C5-ECB7AD845CCC}.Release|x64.Build.0 = Release|Any CPU
		{5FE841ED-25B6-4BDC-A8C5-ECB7AD845CCC}.Release|x86.ActiveCfg = Release|Any CPU
		{5FE841ED-25B6-4BDC-A8C5-ECB7AD845CCC}.Release|x86.Build.0 = Release|Any CPU
		{732A7773-38B0-4751-AD4E-A203AFC03A4E}.Debug|Any CPU.ActiveCfg = Debug|Any CPU
		{732A7773-38B0-4751-AD4E-A203AFC03A4E}.Debug|Any CPU.Build.0 = Debug|Any CPU
		{732A7773-38B0-4751-AD4E-A203AFC03A4E}.Debug|x64.ActiveCfg = Debug|Any CPU
		{732A7773-38B0-4751-AD4E-A203AFC03A4E}.Debug|x64.Build.0 = Debug|Any CPU
		{732A7773-38B0-4751-AD4E-A203AFC03A4E}.Debug|x86.ActiveCfg = Debug|Any CPU
		{732A7773-38B0-4751-AD4E-A203AFC03A4E}.Debug|x86.Build.0 = Debug|Any CPU
		{732A7773-38B0-4751-AD4E-A203AFC03A4E}.Release|Any CPU.ActiveCfg = Release|Any CPU
		{732A7773-38B0-4751-AD4E-A203AFC03A4E}.Release|Any CPU.Build.0 = Release|Any CPU
		{732A7773-38B0-4751-AD4E-A203AFC03A4E}.Release|x64.ActiveCfg = Release|Any CPU
		{732A7773-38B0-4751-AD4E-A203AFC03A4E}.Release|x64.Build.0 = Release|Any CPU
		{732A7773-38B0-4751-AD4E-A203AFC03A4E}.Release|x86.ActiveCfg = Release|Any CPU
		{732A7773-38B0-4751-AD4E-A203AFC03A4E}.Release|x86.Build.0 = Release|Any CPU
	EndGlobalSection
	GlobalSection(SolutionProperties) = preSolution
		HideSolutionNode = FALSE
	EndGlobalSection
	GlobalSection(NestedProjects) = preSolution
	EndGlobalSection
	GlobalSection(ExtensibilityGlobals) = postSolution
		SolutionGuid = {7C62327D-2684-4ED0-B022-EA0E8774BCE1}
	EndGlobalSection
EndGlobal
