
Microsoft Visual Studio Solution File, Format Version 12.00
# Visual Studio Version 16
VisualStudioVersion = 16.0.30011.22
MinimumVisualStudioVersion = 15.0.26124.0
Project("{9A19103F-16F7-4668-BE54-9A1E7A4F7556}") = "NsbRouterPlayground.Router", "NsbRouterPlayground.Router\NsbRouterPlayground.Router.csproj", "{E0EFE80E-C6DA-42B9-934B-12E0F959F064}"
EndProject
Project("{2150E333-8FDC-42A3-9474-1A3956D46DE8}") = "Solution Items", "Solution Items", "{7DC116AC-1621-4E6D-8861-69658BDD2E38}"
	ProjectSection(SolutionItems) = preProject
		.editorconfig = .editorconfig
		README.md = README.md
	EndProjectSection
EndProject
Project("{9A19103F-16F7-4668-BE54-9A1E7A4F7556}") = "NsbRouterPlayground.WebApi", "NsbRouterPlayground.WebApi\NsbRouterPlayground.WebApi.csproj", "{6A22EDBC-8AC8-43F7-9E89-6D00BA604A0D}"
EndProject
Project("{9A19103F-16F7-4668-BE54-9A1E7A4F7556}") = "NsbRouterPlayground.AdazzleUpdater", "NsbRouterPlayground.AdazzleUpdater\NsbRouterPlayground.AdazzleUpdater.csproj", "{78F26138-466C-43B2-9DA1-B50EA9B8A2C1}"
EndProject
Project("{9A19103F-16F7-4668-BE54-9A1E7A4F7556}") = "NsbRouterPlayground.Integration.Messages", "NsbRouterPlayground.Integration.Messages\NsbRouterPlayground.Integration.Messages.csproj", "{51791283-880F-4D3B-B53F-F5FC563B70A5}"
EndProject
Project("{9A19103F-16F7-4668-BE54-9A1E7A4F7556}") = "NsbRouterPlayground.Core", "NsbRouterPlayground.Core\NsbRouterPlayground.Core.csproj", "{21AECF05-A2AF-47DC-AA5D-607F5B6CF41C}"
EndProject
Project("{9A19103F-16F7-4668-BE54-9A1E7A4F7556}") = "NsbRouterPlayground.Infrastructure.Persistence", "NsbRouterPlayground.Infrastructure.Persistence\NsbRouterPlayground.Infrastructure.Persistence.csproj", "{975E8F98-9314-4F4D-86D9-A724E353A2DB}"
EndProject
Project("{00D1A9C2-B5F0-4AF3-8072-F6C62B433612}") = "NsbRouterPlayground.Business", "NsbRouterPlayground.Business\NsbRouterPlayground.Business.sqlproj", "{5933A5B8-D6E1-4376-A103-0319C2C1FE84}"
EndProject
Project("{00D1A9C2-B5F0-4AF3-8072-F6C62B433612}") = "NsbRouterPlayground.Nsb", "NsbRouterPlayground.Nsb\NsbRouterPlayground.Nsb.sqlproj", "{D82678FF-F97A-4EDC-9FA3-82977041D224}"
EndProject
Project("{2150E333-8FDC-42A3-9474-1A3956D46DE8}") = "Databases", "Databases", "{5AF3B02E-A2A7-416A-AD59-9D4F9717758A}"
EndProject
Global
	GlobalSection(SolutionConfigurationPlatforms) = preSolution
		Debug|Any CPU = Debug|Any CPU
		Debug|x64 = Debug|x64
		Debug|x86 = Debug|x86
		Release|Any CPU = Release|Any CPU
		Release|x64 = Release|x64
		Release|x86 = Release|x86
	EndGlobalSection
	GlobalSection(ProjectConfigurationPlatforms) = postSolution
		{E0EFE80E-C6DA-42B9-934B-12E0F959F064}.Debug|Any CPU.ActiveCfg = Debug|Any CPU
		{E0EFE80E-C6DA-42B9-934B-12E0F959F064}.Debug|Any CPU.Build.0 = Debug|Any CPU
		{E0EFE80E-C6DA-42B9-934B-12E0F959F064}.Debug|x64.ActiveCfg = Debug|Any CPU
		{E0EFE80E-C6DA-42B9-934B-12E0F959F064}.Debug|x64.Build.0 = Debug|Any CPU
		{E0EFE80E-C6DA-42B9-934B-12E0F959F064}.Debug|x86.ActiveCfg = Debug|Any CPU
		{E0EFE80E-C6DA-42B9-934B-12E0F959F064}.Debug|x86.Build.0 = Debug|Any CPU
		{E0EFE80E-C6DA-42B9-934B-12E0F959F064}.Release|Any CPU.ActiveCfg = Release|Any CPU
		{E0EFE80E-C6DA-42B9-934B-12E0F959F064}.Release|Any CPU.Build.0 = Release|Any CPU
		{E0EFE80E-C6DA-42B9-934B-12E0F959F064}.Release|x64.ActiveCfg = Release|Any CPU
		{E0EFE80E-C6DA-42B9-934B-12E0F959F064}.Release|x64.Build.0 = Release|Any CPU
		{E0EFE80E-C6DA-42B9-934B-12E0F959F064}.Release|x86.ActiveCfg = Release|Any CPU
		{E0EFE80E-C6DA-42B9-934B-12E0F959F064}.Release|x86.Build.0 = Release|Any CPU
		{6A22EDBC-8AC8-43F7-9E89-6D00BA604A0D}.Debug|Any CPU.ActiveCfg = Debug|Any CPU
		{6A22EDBC-8AC8-43F7-9E89-6D00BA604A0D}.Debug|Any CPU.Build.0 = Debug|Any CPU
		{6A22EDBC-8AC8-43F7-9E89-6D00BA604A0D}.Debug|x64.ActiveCfg = Debug|Any CPU
		{6A22EDBC-8AC8-43F7-9E89-6D00BA604A0D}.Debug|x64.Build.0 = Debug|Any CPU
		{6A22EDBC-8AC8-43F7-9E89-6D00BA604A0D}.Debug|x86.ActiveCfg = Debug|Any CPU
		{6A22EDBC-8AC8-43F7-9E89-6D00BA604A0D}.Debug|x86.Build.0 = Debug|Any CPU
		{6A22EDBC-8AC8-43F7-9E89-6D00BA604A0D}.Release|Any CPU.ActiveCfg = Release|Any CPU
		{6A22EDBC-8AC8-43F7-9E89-6D00BA604A0D}.Release|Any CPU.Build.0 = Release|Any CPU
		{6A22EDBC-8AC8-43F7-9E89-6D00BA604A0D}.Release|x64.ActiveCfg = Release|Any CPU
		{6A22EDBC-8AC8-43F7-9E89-6D00BA604A0D}.Release|x64.Build.0 = Release|Any CPU
		{6A22EDBC-8AC8-43F7-9E89-6D00BA604A0D}.Release|x86.ActiveCfg = Release|Any CPU
		{6A22EDBC-8AC8-43F7-9E89-6D00BA604A0D}.Release|x86.Build.0 = Release|Any CPU
		{78F26138-466C-43B2-9DA1-B50EA9B8A2C1}.Debug|Any CPU.ActiveCfg = Debug|Any CPU
		{78F26138-466C-43B2-9DA1-B50EA9B8A2C1}.Debug|Any CPU.Build.0 = Debug|Any CPU
		{78F26138-466C-43B2-9DA1-B50EA9B8A2C1}.Debug|x64.ActiveCfg = Debug|Any CPU
		{78F26138-466C-43B2-9DA1-B50EA9B8A2C1}.Debug|x64.Build.0 = Debug|Any CPU
		{78F26138-466C-43B2-9DA1-B50EA9B8A2C1}.Debug|x86.ActiveCfg = Debug|Any CPU
		{78F26138-466C-43B2-9DA1-B50EA9B8A2C1}.Debug|x86.Build.0 = Debug|Any CPU
		{78F26138-466C-43B2-9DA1-B50EA9B8A2C1}.Release|Any CPU.ActiveCfg = Release|Any CPU
		{78F26138-466C-43B2-9DA1-B50EA9B8A2C1}.Release|Any CPU.Build.0 = Release|Any CPU
		{78F26138-466C-43B2-9DA1-B50EA9B8A2C1}.Release|x64.ActiveCfg = Release|Any CPU
		{78F26138-466C-43B2-9DA1-B50EA9B8A2C1}.Release|x64.Build.0 = Release|Any CPU
		{78F26138-466C-43B2-9DA1-B50EA9B8A2C1}.Release|x86.ActiveCfg = Release|Any CPU
		{78F26138-466C-43B2-9DA1-B50EA9B8A2C1}.Release|x86.Build.0 = Release|Any CPU
		{51791283-880F-4D3B-B53F-F5FC563B70A5}.Debug|Any CPU.ActiveCfg = Debug|Any CPU
		{51791283-880F-4D3B-B53F-F5FC563B70A5}.Debug|Any CPU.Build.0 = Debug|Any CPU
		{51791283-880F-4D3B-B53F-F5FC563B70A5}.Debug|x64.ActiveCfg = Debug|Any CPU
		{51791283-880F-4D3B-B53F-F5FC563B70A5}.Debug|x64.Build.0 = Debug|Any CPU
		{51791283-880F-4D3B-B53F-F5FC563B70A5}.Debug|x86.ActiveCfg = Debug|Any CPU
		{51791283-880F-4D3B-B53F-F5FC563B70A5}.Debug|x86.Build.0 = Debug|Any CPU
		{51791283-880F-4D3B-B53F-F5FC563B70A5}.Release|Any CPU.ActiveCfg = Release|Any CPU
		{51791283-880F-4D3B-B53F-F5FC563B70A5}.Release|Any CPU.Build.0 = Release|Any CPU
		{51791283-880F-4D3B-B53F-F5FC563B70A5}.Release|x64.ActiveCfg = Release|Any CPU
		{51791283-880F-4D3B-B53F-F5FC563B70A5}.Release|x64.Build.0 = Release|Any CPU
		{51791283-880F-4D3B-B53F-F5FC563B70A5}.Release|x86.ActiveCfg = Release|Any CPU
		{51791283-880F-4D3B-B53F-F5FC563B70A5}.Release|x86.Build.0 = Release|Any CPU
		{21AECF05-A2AF-47DC-AA5D-607F5B6CF41C}.Debug|Any CPU.ActiveCfg = Debug|Any CPU
		{21AECF05-A2AF-47DC-AA5D-607F5B6CF41C}.Debug|Any CPU.Build.0 = Debug|Any CPU
		{21AECF05-A2AF-47DC-AA5D-607F5B6CF41C}.Debug|x64.ActiveCfg = Debug|Any CPU
		{21AECF05-A2AF-47DC-AA5D-607F5B6CF41C}.Debug|x64.Build.0 = Debug|Any CPU
		{21AECF05-A2AF-47DC-AA5D-607F5B6CF41C}.Debug|x86.ActiveCfg = Debug|Any CPU
		{21AECF05-A2AF-47DC-AA5D-607F5B6CF41C}.Debug|x86.Build.0 = Debug|Any CPU
		{21AECF05-A2AF-47DC-AA5D-607F5B6CF41C}.Release|Any CPU.ActiveCfg = Release|Any CPU
		{21AECF05-A2AF-47DC-AA5D-607F5B6CF41C}.Release|Any CPU.Build.0 = Release|Any CPU
		{21AECF05-A2AF-47DC-AA5D-607F5B6CF41C}.Release|x64.ActiveCfg = Release|Any CPU
		{21AECF05-A2AF-47DC-AA5D-607F5B6CF41C}.Release|x64.Build.0 = Release|Any CPU
		{21AECF05-A2AF-47DC-AA5D-607F5B6CF41C}.Release|x86.ActiveCfg = Release|Any CPU
		{21AECF05-A2AF-47DC-AA5D-607F5B6CF41C}.Release|x86.Build.0 = Release|Any CPU
		{975E8F98-9314-4F4D-86D9-A724E353A2DB}.Debug|Any CPU.ActiveCfg = Debug|Any CPU
		{975E8F98-9314-4F4D-86D9-A724E353A2DB}.Debug|Any CPU.Build.0 = Debug|Any CPU
		{975E8F98-9314-4F4D-86D9-A724E353A2DB}.Debug|x64.ActiveCfg = Debug|Any CPU
		{975E8F98-9314-4F4D-86D9-A724E353A2DB}.Debug|x64.Build.0 = Debug|Any CPU
		{975E8F98-9314-4F4D-86D9-A724E353A2DB}.Debug|x86.ActiveCfg = Debug|Any CPU
		{975E8F98-9314-4F4D-86D9-A724E353A2DB}.Debug|x86.Build.0 = Debug|Any CPU
		{975E8F98-9314-4F4D-86D9-A724E353A2DB}.Release|Any CPU.ActiveCfg = Release|Any CPU
		{975E8F98-9314-4F4D-86D9-A724E353A2DB}.Release|Any CPU.Build.0 = Release|Any CPU
		{975E8F98-9314-4F4D-86D9-A724E353A2DB}.Release|x64.ActiveCfg = Release|Any CPU
		{975E8F98-9314-4F4D-86D9-A724E353A2DB}.Release|x64.Build.0 = Release|Any CPU
		{975E8F98-9314-4F4D-86D9-A724E353A2DB}.Release|x86.ActiveCfg = Release|Any CPU
		{975E8F98-9314-4F4D-86D9-A724E353A2DB}.Release|x86.Build.0 = Release|Any CPU
		{5933A5B8-D6E1-4376-A103-0319C2C1FE84}.Debug|Any CPU.ActiveCfg = Debug|Any CPU
		{5933A5B8-D6E1-4376-A103-0319C2C1FE84}.Debug|Any CPU.Build.0 = Debug|Any CPU
		{5933A5B8-D6E1-4376-A103-0319C2C1FE84}.Debug|Any CPU.Deploy.0 = Debug|Any CPU
		{5933A5B8-D6E1-4376-A103-0319C2C1FE84}.Debug|x64.ActiveCfg = Debug|Any CPU
		{5933A5B8-D6E1-4376-A103-0319C2C1FE84}.Debug|x64.Build.0 = Debug|Any CPU
		{5933A5B8-D6E1-4376-A103-0319C2C1FE84}.Debug|x64.Deploy.0 = Debug|Any CPU
		{5933A5B8-D6E1-4376-A103-0319C2C1FE84}.Debug|x86.ActiveCfg = Debug|Any CPU
		{5933A5B8-D6E1-4376-A103-0319C2C1FE84}.Debug|x86.Build.0 = Debug|Any CPU
		{5933A5B8-D6E1-4376-A103-0319C2C1FE84}.Debug|x86.Deploy.0 = Debug|Any CPU
		{5933A5B8-D6E1-4376-A103-0319C2C1FE84}.Release|Any CPU.ActiveCfg = Release|Any CPU
		{5933A5B8-D6E1-4376-A103-0319C2C1FE84}.Release|Any CPU.Build.0 = Release|Any CPU
		{5933A5B8-D6E1-4376-A103-0319C2C1FE84}.Release|Any CPU.Deploy.0 = Release|Any CPU
		{5933A5B8-D6E1-4376-A103-0319C2C1FE84}.Release|x64.ActiveCfg = Release|Any CPU
		{5933A5B8-D6E1-4376-A103-0319C2C1FE84}.Release|x64.Build.0 = Release|Any CPU
		{5933A5B8-D6E1-4376-A103-0319C2C1FE84}.Release|x64.Deploy.0 = Release|Any CPU
		{5933A5B8-D6E1-4376-A103-0319C2C1FE84}.Release|x86.ActiveCfg = Release|Any CPU
		{5933A5B8-D6E1-4376-A103-0319C2C1FE84}.Release|x86.Build.0 = Release|Any CPU
		{5933A5B8-D6E1-4376-A103-0319C2C1FE84}.Release|x86.Deploy.0 = Release|Any CPU
		{D82678FF-F97A-4EDC-9FA3-82977041D224}.Debug|Any CPU.ActiveCfg = Debug|Any CPU
		{D82678FF-F97A-4EDC-9FA3-82977041D224}.Debug|Any CPU.Build.0 = Debug|Any CPU
		{D82678FF-F97A-4EDC-9FA3-82977041D224}.Debug|Any CPU.Deploy.0 = Debug|Any CPU
		{D82678FF-F97A-4EDC-9FA3-82977041D224}.Debug|x64.ActiveCfg = Debug|Any CPU
		{D82678FF-F97A-4EDC-9FA3-82977041D224}.Debug|x64.Build.0 = Debug|Any CPU
		{D82678FF-F97A-4EDC-9FA3-82977041D224}.Debug|x64.Deploy.0 = Debug|Any CPU
		{D82678FF-F97A-4EDC-9FA3-82977041D224}.Debug|x86.ActiveCfg = Debug|Any CPU
		{D82678FF-F97A-4EDC-9FA3-82977041D224}.Debug|x86.Build.0 = Debug|Any CPU
		{D82678FF-F97A-4EDC-9FA3-82977041D224}.Debug|x86.Deploy.0 = Debug|Any CPU
		{D82678FF-F97A-4EDC-9FA3-82977041D224}.Release|Any CPU.ActiveCfg = Release|Any CPU
		{D82678FF-F97A-4EDC-9FA3-82977041D224}.Release|Any CPU.Build.0 = Release|Any CPU
		{D82678FF-F97A-4EDC-9FA3-82977041D224}.Release|Any CPU.Deploy.0 = Release|Any CPU
		{D82678FF-F97A-4EDC-9FA3-82977041D224}.Release|x64.ActiveCfg = Release|Any CPU
		{D82678FF-F97A-4EDC-9FA3-82977041D224}.Release|x64.Build.0 = Release|Any CPU
		{D82678FF-F97A-4EDC-9FA3-82977041D224}.Release|x64.Deploy.0 = Release|Any CPU
		{D82678FF-F97A-4EDC-9FA3-82977041D224}.Release|x86.ActiveCfg = Release|Any CPU
		{D82678FF-F97A-4EDC-9FA3-82977041D224}.Release|x86.Build.0 = Release|Any CPU
		{D82678FF-F97A-4EDC-9FA3-82977041D224}.Release|x86.Deploy.0 = Release|Any CPU
	EndGlobalSection
	GlobalSection(SolutionProperties) = preSolution
		HideSolutionNode = FALSE
	EndGlobalSection
	GlobalSection(NestedProjects) = preSolution
		{5933A5B8-D6E1-4376-A103-0319C2C1FE84} = {5AF3B02E-A2A7-416A-AD59-9D4F9717758A}
		{D82678FF-F97A-4EDC-9FA3-82977041D224} = {5AF3B02E-A2A7-416A-AD59-9D4F9717758A}
	EndGlobalSection
	GlobalSection(ExtensibilityGlobals) = postSolution
		SolutionGuid = {7C62327D-2684-4ED0-B022-EA0E8774BCE1}
	EndGlobalSection
EndGlobal
